
Microsoft Visual Studio Solution File, Format Version 12.00
# Visual Studio Version 16
VisualStudioVersion = 16.0.31005.135
MinimumVisualStudioVersion = 10.0.40219.1
Project("{FAE04EC0-301F-11D3-BF4B-00C04F79EFBC}") = "TrackerLibrary", "TrackerLibrary\TrackerLibrary.csproj", "{982E5876-81A7-47F3-B444-6A8EED3DBA56}"
EndProject
Project("{9A19103F-16F7-4668-BE54-9A1E7A4F7556}") = "TrackerUI", "TrackerUI\TrackerUI.csproj", "{72844E34-6D8D-4F67-B0DF-C317E14CA16F}"
EndProject
Project("{FAE04EC0-301F-11D3-BF4B-00C04F79EFBC}") = "TrackerLibrary.Tests", "TrackerLibrary.Tests\TrackerLibrary.Tests.csproj", "{A6FA1A33-1CB1-403D-AE3F-D078DB7E5C7C}"
EndProject
Global
	GlobalSection(SolutionConfigurationPlatforms) = preSolution
		Debug|Any CPU = Debug|Any CPU
		Release|Any CPU = Release|Any CPU
	EndGlobalSection
	GlobalSection(ProjectConfigurationPlatforms) = postSolution
		{982E5876-81A7-47F3-B444-6A8EED3DBA56}.Debug|Any CPU.ActiveCfg = Debug|Any CPU
		{982E5876-81A7-47F3-B444-6A8EED3DBA56}.Debug|Any CPU.Build.0 = Debug|Any CPU
		{982E5876-81A7-47F3-B444-6A8EED3DBA56}.Release|Any CPU.ActiveCfg = Release|Any CPU
		{982E5876-81A7-47F3-B444-6A8EED3DBA56}.Release|Any CPU.Build.0 = Release|Any CPU
		{72844E34-6D8D-4F67-B0DF-C317E14CA16F}.Debug|Any CPU.ActiveCfg = Debug|Any CPU
		{72844E34-6D8D-4F67-B0DF-C317E14CA16F}.Debug|Any CPU.Build.0 = Debug|Any CPU
		{72844E34-6D8D-4F67-B0DF-C317E14CA16F}.Release|Any CPU.ActiveCfg = Release|Any CPU
		{72844E34-6D8D-4F67-B0DF-C317E14CA16F}.Release|Any CPU.Build.0 = Release|Any CPU
		{A6FA1A33-1CB1-403D-AE3F-D078DB7E5C7C}.Debug|Any CPU.ActiveCfg = Debug|Any CPU
		{A6FA1A33-1CB1-403D-AE3F-D078DB7E5C7C}.Debug|Any CPU.Build.0 = Debug|Any CPU
		{A6FA1A33-1CB1-403D-AE3F-D078DB7E5C7C}.Release|Any CPU.ActiveCfg = Release|Any CPU
		{A6FA1A33-1CB1-403D-AE3F-D078DB7E5C7C}.Release|Any CPU.Build.0 = Release|Any CPU
	EndGlobalSection
	GlobalSection(SolutionProperties) = preSolution
		HideSolutionNode = FALSE
	EndGlobalSection
	GlobalSection(ExtensibilityGlobals) = postSolution
		SolutionGuid = {3D3F5919-05FF-4D57-823D-C818FFFACED1}
	EndGlobalSection
EndGlobal
